
Microsoft Visual Studio Solution File, Format Version 12.00
# Visual Studio Version 16
VisualStudioVersion = 16.0.29519.87
MinimumVisualStudioVersion = 10.0.40219.1
Project("{FAE04EC0-301F-11D3-BF4B-00C04F79EFBC}") = "BackEnd - FootHood", "BackEnd - FootHood\BackEnd - FootHood.csproj", "{A219A671-7131-4D0C-A8D6-7D7315FEC5F2}"
EndProject
Project("{FAE04EC0-301F-11D3-BF4B-00C04F79EFBC}") = "DATA", "DATA\DATA.csproj", "{148D9C92-F8BA-4833-8740-33C84D847FEE}"
EndProject
Global
	GlobalSection(SolutionConfigurationPlatforms) = preSolution
		Debug|Any CPU = Debug|Any CPU
		Release|Any CPU = Release|Any CPU
	EndGlobalSection
	GlobalSection(ProjectConfigurationPlatforms) = postSolution
		{A219A671-7131-4D0C-A8D6-7D7315FEC5F2}.Debug|Any CPU.ActiveCfg = Debug|Any CPU
		{A219A671-7131-4D0C-A8D6-7D7315FEC5F2}.Debug|Any CPU.Build.0 = Debug|Any CPU
		{A219A671-7131-4D0C-A8D6-7D7315FEC5F2}.Release|Any CPU.ActiveCfg = Release|Any CPU
		{A219A671-7131-4D0C-A8D6-7D7315FEC5F2}.Release|Any CPU.Build.0 = Release|Any CPU
		{148D9C92-F8BA-4833-8740-33C84D847FEE}.Debug|Any CPU.ActiveCfg = Debug|Any CPU
		{148D9C92-F8BA-4833-8740-33C84D847FEE}.Debug|Any CPU.Build.0 = Debug|Any CPU
		{148D9C92-F8BA-4833-8740-33C84D847FEE}.Release|Any CPU.ActiveCfg = Release|Any CPU
		{148D9C92-F8BA-4833-8740-33C84D847FEE}.Release|Any CPU.Build.0 = Release|Any CPU
	EndGlobalSection
	GlobalSection(SolutionProperties) = preSolution
		HideSolutionNode = FALSE
	EndGlobalSection
	GlobalSection(ExtensibilityGlobals) = postSolution
		SolutionGuid = {4678BA62-7CDE-46AF-B02F-562FE87CC3C0}
	EndGlobalSection
EndGlobal
